
Microsoft Visual Studio Solution File, Format Version 12.00
# Visual Studio Version 16
VisualStudioVersion = 16.0.30804.86
MinimumVisualStudioVersion = 10.0.40219.1
Project("{9A19103F-16F7-4668-BE54-9A1E7A4F7556}") = "TrackerAuthAdmin", "TrackerAuthAdmin\TrackerAuthAdmin.csproj", "{B6DE527E-201F-4F34-8E96-1DCCCC4B7A6D}"
EndProject
Project("{9A19103F-16F7-4668-BE54-9A1E7A4F7556}") = "TrackerWeb", "TrackerWeb\TrackerWeb.csproj", "{3B8D65CF-BC9E-442B-B10C-29146DBA83FD}"
EndProject
Project("{9A19103F-16F7-4668-BE54-9A1E7A4F7556}") = "TrackerLibrary", "TrackerLibrary\TrackerLibrary.csproj", "{EF8F12B3-255A-47BA-9F73-B6AA10879E78}"
EndProject
Global
	GlobalSection(SolutionConfigurationPlatforms) = preSolution
		Debug|Any CPU = Debug|Any CPU
		Release|Any CPU = Release|Any CPU
	EndGlobalSection
	GlobalSection(ProjectConfigurationPlatforms) = postSolution
		{B6DE527E-201F-4F34-8E96-1DCCCC4B7A6D}.Debug|Any CPU.ActiveCfg = Debug|Any CPU
		{B6DE527E-201F-4F34-8E96-1DCCCC4B7A6D}.Debug|Any CPU.Build.0 = Debug|Any CPU
		{B6DE527E-201F-4F34-8E96-1DCCCC4B7A6D}.Release|Any CPU.ActiveCfg = Release|Any CPU
		{B6DE527E-201F-4F34-8E96-1DCCCC4B7A6D}.Release|Any CPU.Build.0 = Release|Any CPU
		{3B8D65CF-BC9E-442B-B10C-29146DBA83FD}.Debug|Any CPU.ActiveCfg = Debug|Any CPU
		{3B8D65CF-BC9E-442B-B10C-29146DBA83FD}.Debug|Any CPU.Build.0 = Debug|Any CPU
		{3B8D65CF-BC9E-442B-B10C-29146DBA83FD}.Release|Any CPU.ActiveCfg = Release|Any CPU
		{3B8D65CF-BC9E-442B-B10C-29146DBA83FD}.Release|Any CPU.Build.0 = Release|Any CPU
		{EF8F12B3-255A-47BA-9F73-B6AA10879E78}.Debug|Any CPU.ActiveCfg = Debug|Any CPU
		{EF8F12B3-255A-47BA-9F73-B6AA10879E78}.Debug|Any CPU.Build.0 = Debug|Any CPU
		{EF8F12B3-255A-47BA-9F73-B6AA10879E78}.Release|Any CPU.ActiveCfg = Release|Any CPU
		{EF8F12B3-255A-47BA-9F73-B6AA10879E78}.Release|Any CPU.Build.0 = Release|Any CPU
	EndGlobalSection
	GlobalSection(SolutionProperties) = preSolution
		HideSolutionNode = FALSE
	EndGlobalSection
	GlobalSection(ExtensibilityGlobals) = postSolution
		SolutionGuid = {2747B26F-B706-498E-BF5C-820D49D75C48}
	EndGlobalSection
EndGlobal
