
Microsoft Visual Studio Solution File, Format Version 12.00
# Visual Studio Version 16
VisualStudioVersion = 16.0.30011.22
MinimumVisualStudioVersion = 10.0.40219.1
Project("{FAE04EC0-301F-11D3-BF4B-00C04F79EFBC}") = "IssueTracker", "IssueTracker.csproj", "{245BBA04-2CED-4E8B-A139-B93B3993FEC0}"
EndProject
Global
	GlobalSection(SolutionConfigurationPlatforms) = preSolution
		Debug|Any CPU = Debug|Any CPU
		Release|Any CPU = Release|Any CPU
	EndGlobalSection
	GlobalSection(ProjectConfigurationPlatforms) = postSolution
		{245BBA04-2CED-4E8B-A139-B93B3993FEC0}.Debug|Any CPU.ActiveCfg = Debug|Any CPU
		{245BBA04-2CED-4E8B-A139-B93B3993FEC0}.Debug|Any CPU.Build.0 = Debug|Any CPU
		{245BBA04-2CED-4E8B-A139-B93B3993FEC0}.Release|Any CPU.ActiveCfg = Release|Any CPU
		{245BBA04-2CED-4E8B-A139-B93B3993FEC0}.Release|Any CPU.Build.0 = Release|Any CPU
	EndGlobalSection
	GlobalSection(SolutionProperties) = preSolution
		HideSolutionNode = FALSE
	EndGlobalSection
	GlobalSection(ExtensibilityGlobals) = postSolution
		SolutionGuid = {1E5CAAEE-3DFC-487B-8D4D-959E94B118C3}
	EndGlobalSection
EndGlobal
